
Microsoft Visual Studio Solution File, Format Version 12.00
# Visual Studio Version 16
VisualStudioVersion = 16.0.29215.179
MinimumVisualStudioVersion = 10.0.40219.1
Project("{FAE04EC0-301F-11D3-BF4B-00C04F79EFBC}") = "Classes", "Classes\Classes.csproj", "{84701169-CE96-4EC5-AB88-3805C1866DB1}"
EndProject
Project("{FAE04EC0-301F-11D3-BF4B-00C04F79EFBC}") = "ClassBasics", "ClassBasics\ClassBasics.csproj", "{F64FBB0B-40DF-40ED-BC58-368DC353B630}"
EndProject
Project("{FAE04EC0-301F-11D3-BF4B-00C04F79EFBC}") = "Polymorphism", "Polymorphism\Polymorphism.csproj", "{D85A47BE-DC65-4EC6-B829-7F75B650E897}"
EndProject
Project("{FAE04EC0-301F-11D3-BF4B-00C04F79EFBC}") = "DarkCoding", "DarkCoding\DarkCoding.csproj", "{98A7C594-F06D-47A1-A051-4F7E1738811B}"
EndProject
Project("{FAE04EC0-301F-11D3-BF4B-00C04F79EFBC}") = "Evaluation", "Evaluation\Evaluation.csproj", "{6D24985F-F0C4-47AD-8A2F-2B7D03475A57}"
EndProject
Project("{FAE04EC0-301F-11D3-BF4B-00C04F79EFBC}") = "CodeFirstDemo", "CodeFirstDemo\CodeFirstDemo.csproj", "{52B7A52A-6E02-4B0A-A0AD-CE985CA20831}"
EndProject
Project("{FAE04EC0-301F-11D3-BF4B-00C04F79EFBC}") = "CodeFirstDemo2", "CodeFirstDemo2\CodeFirstDemo2.csproj", "{0E30906F-5EBB-4195-8286-6FCAEB1A7739}"
EndProject
Project("{FAE04EC0-301F-11D3-BF4B-00C04F79EFBC}") = "WindowsFormsDemo", "WindowsFormsDemo2\WindowsFormsDemo.csproj", "{FF0C305E-D778-408F-8F3E-F0EE0B77E747}"
EndProject
Global
	GlobalSection(SolutionConfigurationPlatforms) = preSolution
		Debug|Any CPU = Debug|Any CPU
		Release|Any CPU = Release|Any CPU
	EndGlobalSection
	GlobalSection(ProjectConfigurationPlatforms) = postSolution
		{84701169-CE96-4EC5-AB88-3805C1866DB1}.Debug|Any CPU.ActiveCfg = Debug|Any CPU
		{84701169-CE96-4EC5-AB88-3805C1866DB1}.Debug|Any CPU.Build.0 = Debug|Any CPU
		{84701169-CE96-4EC5-AB88-3805C1866DB1}.Release|Any CPU.ActiveCfg = Release|Any CPU
		{84701169-CE96-4EC5-AB88-3805C1866DB1}.Release|Any CPU.Build.0 = Release|Any CPU
		{F64FBB0B-40DF-40ED-BC58-368DC353B630}.Debug|Any CPU.ActiveCfg = Debug|Any CPU
		{F64FBB0B-40DF-40ED-BC58-368DC353B630}.Debug|Any CPU.Build.0 = Debug|Any CPU
		{F64FBB0B-40DF-40ED-BC58-368DC353B630}.Release|Any CPU.ActiveCfg = Release|Any CPU
		{F64FBB0B-40DF-40ED-BC58-368DC353B630}.Release|Any CPU.Build.0 = Release|Any CPU
		{D85A47BE-DC65-4EC6-B829-7F75B650E897}.Debug|Any CPU.ActiveCfg = Debug|Any CPU
		{D85A47BE-DC65-4EC6-B829-7F75B650E897}.Debug|Any CPU.Build.0 = Debug|Any CPU
		{D85A47BE-DC65-4EC6-B829-7F75B650E897}.Release|Any CPU.ActiveCfg = Release|Any CPU
		{D85A47BE-DC65-4EC6-B829-7F75B650E897}.Release|Any CPU.Build.0 = Release|Any CPU
		{98A7C594-F06D-47A1-A051-4F7E1738811B}.Debug|Any CPU.ActiveCfg = Debug|Any CPU
		{98A7C594-F06D-47A1-A051-4F7E1738811B}.Debug|Any CPU.Build.0 = Debug|Any CPU
		{98A7C594-F06D-47A1-A051-4F7E1738811B}.Release|Any CPU.ActiveCfg = Release|Any CPU
		{98A7C594-F06D-47A1-A051-4F7E1738811B}.Release|Any CPU.Build.0 = Release|Any CPU
		{6D24985F-F0C4-47AD-8A2F-2B7D03475A57}.Debug|Any CPU.ActiveCfg = Debug|Any CPU
		{6D24985F-F0C4-47AD-8A2F-2B7D03475A57}.Debug|Any CPU.Build.0 = Debug|Any CPU
		{6D24985F-F0C4-47AD-8A2F-2B7D03475A57}.Release|Any CPU.ActiveCfg = Release|Any CPU
		{6D24985F-F0C4-47AD-8A2F-2B7D03475A57}.Release|Any CPU.Build.0 = Release|Any CPU
		{52B7A52A-6E02-4B0A-A0AD-CE985CA20831}.Debug|Any CPU.ActiveCfg = Debug|Any CPU
		{52B7A52A-6E02-4B0A-A0AD-CE985CA20831}.Debug|Any CPU.Build.0 = Debug|Any CPU
		{52B7A52A-6E02-4B0A-A0AD-CE985CA20831}.Release|Any CPU.ActiveCfg = Release|Any CPU
		{52B7A52A-6E02-4B0A-A0AD-CE985CA20831}.Release|Any CPU.Build.0 = Release|Any CPU
		{0E30906F-5EBB-4195-8286-6FCAEB1A7739}.Debug|Any CPU.ActiveCfg = Debug|Any CPU
		{0E30906F-5EBB-4195-8286-6FCAEB1A7739}.Debug|Any CPU.Build.0 = Debug|Any CPU
		{0E30906F-5EBB-4195-8286-6FCAEB1A7739}.Release|Any CPU.ActiveCfg = Release|Any CPU
		{0E30906F-5EBB-4195-8286-6FCAEB1A7739}.Release|Any CPU.Build.0 = Release|Any CPU
		{FF0C305E-D778-408F-8F3E-F0EE0B77E747}.Debug|Any CPU.ActiveCfg = Debug|Any CPU
		{FF0C305E-D778-408F-8F3E-F0EE0B77E747}.Debug|Any CPU.Build.0 = Debug|Any CPU
		{FF0C305E-D778-408F-8F3E-F0EE0B77E747}.Release|Any CPU.ActiveCfg = Release|Any CPU
		{FF0C305E-D778-408F-8F3E-F0EE0B77E747}.Release|Any CPU.Build.0 = Release|Any CPU
	EndGlobalSection
	GlobalSection(SolutionProperties) = preSolution
		HideSolutionNode = FALSE
	EndGlobalSection
	GlobalSection(ExtensibilityGlobals) = postSolution
		SolutionGuid = {3EE1B2B6-D304-4D16-971F-2D0EFBBEBEC2}
	EndGlobalSection
EndGlobal
